
Microsoft Visual Studio Solution File, Format Version 12.00
# Visual Studio Version 17
VisualStudioVersion = 17.0.32014.148
MinimumVisualStudioVersion = 10.0.40219.1
Project("{9A19103F-16F7-4668-BE54-9A1E7A4F7556}") = "MP3_Player_Practice_WPF", "MP3_Player_Practice_WPF\MP3_Player_Practice_WPF.csproj", "{D3DA06A9-6917-40B1-9135-EAD80A56679C}"
EndProject
Project("{9A19103F-16F7-4668-BE54-9A1E7A4F7556}") = "NAudioHelperLibrary", "..\..\source\repos\Class Libraries\NAudioHelperLibrary\NAudioHelperLibrary\NAudioHelperLibrary.csproj", "{5139C68B-E5A9-4502-B24E-D22A1C293A49}"
EndProject
Project("{9A19103F-16F7-4668-BE54-9A1E7A4F7556}") = "LoadingSpinner", "..\LoadingSpinner\LoadingSpinner\LoadingSpinner.csproj", "{E766453A-E3CF-4E28-B13F-CEEDA78091E8}"
EndProject
Project("{9A19103F-16F7-4668-BE54-9A1E7A4F7556}") = "HamburgerMenu", "..\HamburgerMenu\HamburgerMenu\HamburgerMenu.csproj", "{9B1D2AE0-FB5B-4D56-9858-8D595CDEE413}"
EndProject
Global
	GlobalSection(SolutionConfigurationPlatforms) = preSolution
		Debug|Any CPU = Debug|Any CPU
		Release|Any CPU = Release|Any CPU
	EndGlobalSection
	GlobalSection(ProjectConfigurationPlatforms) = postSolution
		{D3DA06A9-6917-40B1-9135-EAD80A56679C}.Debug|Any CPU.ActiveCfg = Debug|Any CPU
		{D3DA06A9-6917-40B1-9135-EAD80A56679C}.Debug|Any CPU.Build.0 = Debug|Any CPU
		{D3DA06A9-6917-40B1-9135-EAD80A56679C}.Release|Any CPU.ActiveCfg = Release|Any CPU
		{D3DA06A9-6917-40B1-9135-EAD80A56679C}.Release|Any CPU.Build.0 = Release|Any CPU
		{5139C68B-E5A9-4502-B24E-D22A1C293A49}.Debug|Any CPU.ActiveCfg = Debug|Any CPU
		{5139C68B-E5A9-4502-B24E-D22A1C293A49}.Debug|Any CPU.Build.0 = Debug|Any CPU
		{5139C68B-E5A9-4502-B24E-D22A1C293A49}.Release|Any CPU.ActiveCfg = Release|Any CPU
		{5139C68B-E5A9-4502-B24E-D22A1C293A49}.Release|Any CPU.Build.0 = Release|Any CPU
		{E766453A-E3CF-4E28-B13F-CEEDA78091E8}.Debug|Any CPU.ActiveCfg = Debug|Any CPU
		{E766453A-E3CF-4E28-B13F-CEEDA78091E8}.Debug|Any CPU.Build.0 = Debug|Any CPU
		{E766453A-E3CF-4E28-B13F-CEEDA78091E8}.Release|Any CPU.ActiveCfg = Release|Any CPU
		{E766453A-E3CF-4E28-B13F-CEEDA78091E8}.Release|Any CPU.Build.0 = Release|Any CPU
		{9B1D2AE0-FB5B-4D56-9858-8D595CDEE413}.Debug|Any CPU.ActiveCfg = Debug|Any CPU
		{9B1D2AE0-FB5B-4D56-9858-8D595CDEE413}.Debug|Any CPU.Build.0 = Debug|Any CPU
		{9B1D2AE0-FB5B-4D56-9858-8D595CDEE413}.Release|Any CPU.ActiveCfg = Release|Any CPU
		{9B1D2AE0-FB5B-4D56-9858-8D595CDEE413}.Release|Any CPU.Build.0 = Release|Any CPU
	EndGlobalSection
	GlobalSection(SolutionProperties) = preSolution
		HideSolutionNode = FALSE
	EndGlobalSection
	GlobalSection(ExtensibilityGlobals) = postSolution
		SolutionGuid = {CD13EF03-14C0-47F3-8BEA-3FDE504A32B2}
	EndGlobalSection
EndGlobal
